// !$*UTF8*$!
{
	archiveVersion = 1;
	classes = {
	};
	objectVersion = 56;
	objects = {

/* Begin PBXBuildFile section */
		C25E6E242A6D712800542BBF /* PostModel.swift in Sources */ = {isa = PBXBuildFile; fileRef = C25E6E232A6D712800542BBF /* PostModel.swift */; };
		C25E6E262A6D718200542BBF /* PostViewModel.swift in Sources */ = {isa = PBXBuildFile; fileRef = C25E6E252A6D718200542BBF /* PostViewModel.swift */; };
		C25E6E282A6D73F900542BBF /* FeedImageViewModel.swift in Sources */ = {isa = PBXBuildFile; fileRef = C25E6E272A6D73F900542BBF /* FeedImageViewModel.swift */; };
		C262A47E2A6DB3310056FB81 /* SearchbarView.swift in Sources */ = {isa = PBXBuildFile; fileRef = C262A47D2A6DB3310056FB81 /* SearchbarView.swift */; };
		C262A4802A6DB4630056FB81 /* UserView.swift in Sources */ = {isa = PBXBuildFile; fileRef = C262A47F2A6DB4620056FB81 /* UserView.swift */; };
		C262A4832A6DB5F60056FB81 /* UserInfoView.swift in Sources */ = {isa = PBXBuildFile; fileRef = C262A4822A6DB5F60056FB81 /* UserInfoView.swift */; };
		C262A4852A6E0E210056FB81 /* UserMessagesView.swift in Sources */ = {isa = PBXBuildFile; fileRef = C262A4842A6E0E210056FB81 /* UserMessagesView.swift */; };
		C262A4872A6E12040056FB81 /* LikedPostsView.swift in Sources */ = {isa = PBXBuildFile; fileRef = C262A4862A6E12040056FB81 /* LikedPostsView.swift */; };
		C262A4892A6F548A0056FB81 /* UserCreatePost.swift in Sources */ = {isa = PBXBuildFile; fileRef = C262A4882A6F548A0056FB81 /* UserCreatePost.swift */; };
		C2746ADE2A6C420100CB3888 /* MainView.swift in Sources */ = {isa = PBXBuildFile; fileRef = C2746ADD2A6C420100CB3888 /* MainView.swift */; };
		C2835A542A6C4DDE0048C961 /* HomeView.swift in Sources */ = {isa = PBXBuildFile; fileRef = C2835A532A6C4DDE0048C961 /* HomeView.swift */; };
		C29C92822A6B970E002D7DAB /* VentSocialApp.swift in Sources */ = {isa = PBXBuildFile; fileRef = C29C92812A6B970E002D7DAB /* VentSocialApp.swift */; };
		C29C92842A6B970E002D7DAB /* ContentView.swift in Sources */ = {isa = PBXBuildFile; fileRef = C29C92832A6B970E002D7DAB /* ContentView.swift */; };
		C29C92862A6B970F002D7DAB /* Assets.xcassets in Resources */ = {isa = PBXBuildFile; fileRef = C29C92852A6B970F002D7DAB /* Assets.xcassets */; };
		C29C92892A6B970F002D7DAB /* Preview Assets.xcassets in Resources */ = {isa = PBXBuildFile; fileRef = C29C92882A6B970F002D7DAB /* Preview Assets.xcassets */; };
		C29C928B2A6B970F002D7DAB /* Persistence.swift in Sources */ = {isa = PBXBuildFile; fileRef = C29C928A2A6B970F002D7DAB /* Persistence.swift */; };
		C29C928E2A6B970F002D7DAB /* VentSocial.xcdatamodeld in Sources */ = {isa = PBXBuildFile; fileRef = C29C928C2A6B970F002D7DAB /* VentSocial.xcdatamodeld */; };
		C29C92982A6B977B002D7DAB /* OnboardingView.swift in Sources */ = {isa = PBXBuildFile; fileRef = C29C92972A6B977B002D7DAB /* OnboardingView.swift */; };
/* End PBXBuildFile section */

/* Begin PBXFileReference section */
		C25E6E232A6D712800542BBF /* PostModel.swift */ = {isa = PBXFileReference; lastKnownFileType = sourcecode.swift; path = PostModel.swift; sourceTree = "<group>"; };
		C25E6E252A6D718200542BBF /* PostViewModel.swift */ = {isa = PBXFileReference; lastKnownFileType = sourcecode.swift; path = PostViewModel.swift; sourceTree = "<group>"; };
		C25E6E272A6D73F900542BBF /* FeedImageViewModel.swift */ = {isa = PBXFileReference; lastKnownFileType = sourcecode.swift; path = FeedImageViewModel.swift; sourceTree = "<group>"; };
		C262A47D2A6DB3310056FB81 /* SearchbarView.swift */ = {isa = PBXFileReference; lastKnownFileType = sourcecode.swift; path = SearchbarView.swift; sourceTree = "<group>"; };
		C262A47F2A6DB4620056FB81 /* UserView.swift */ = {isa = PBXFileReference; lastKnownFileType = sourcecode.swift; path = UserView.swift; sourceTree = "<group>"; };
		C262A4822A6DB5F60056FB81 /* UserInfoView.swift */ = {isa = PBXFileReference; lastKnownFileType = sourcecode.swift; path = UserInfoView.swift; sourceTree = "<group>"; };
		C262A4842A6E0E210056FB81 /* UserMessagesView.swift */ = {isa = PBXFileReference; lastKnownFileType = sourcecode.swift; path = UserMessagesView.swift; sourceTree = "<group>"; };
		C262A4862A6E12040056FB81 /* LikedPostsView.swift */ = {isa = PBXFileReference; lastKnownFileType = sourcecode.swift; path = LikedPostsView.swift; sourceTree = "<group>"; };
		C262A4882A6F548A0056FB81 /* UserCreatePost.swift */ = {isa = PBXFileReference; lastKnownFileType = sourcecode.swift; path = UserCreatePost.swift; sourceTree = "<group>"; };
		C2746ADD2A6C420100CB3888 /* MainView.swift */ = {isa = PBXFileReference; lastKnownFileType = sourcecode.swift; path = MainView.swift; sourceTree = "<group>"; };
		C2835A532A6C4DDE0048C961 /* HomeView.swift */ = {isa = PBXFileReference; lastKnownFileType = sourcecode.swift; path = HomeView.swift; sourceTree = "<group>"; };
		C29C927E2A6B970E002D7DAB /* VentSocial.app */ = {isa = PBXFileReference; explicitFileType = wrapper.application; includeInIndex = 0; path = VentSocial.app; sourceTree = BUILT_PRODUCTS_DIR; };
		C29C92812A6B970E002D7DAB /* VentSocialApp.swift */ = {isa = PBXFileReference; lastKnownFileType = sourcecode.swift; path = VentSocialApp.swift; sourceTree = "<group>"; };
		C29C92832A6B970E002D7DAB /* ContentView.swift */ = {isa = PBXFileReference; lastKnownFileType = sourcecode.swift; path = ContentView.swift; sourceTree = "<group>"; };
		C29C92852A6B970F002D7DAB /* Assets.xcassets */ = {isa = PBXFileReference; lastKnownFileType = folder.assetcatalog; path = Assets.xcassets; sourceTree = "<group>"; };
		C29C92882A6B970F002D7DAB /* Preview Assets.xcassets */ = {isa = PBXFileReference; lastKnownFileType = folder.assetcatalog; path = "Preview Assets.xcassets"; sourceTree = "<group>"; };
		C29C928A2A6B970F002D7DAB /* Persistence.swift */ = {isa = PBXFileReference; lastKnownFileType = sourcecode.swift; path = Persistence.swift; sourceTree = "<group>"; };
		C29C928D2A6B970F002D7DAB /* VentSocial.xcdatamodel */ = {isa = PBXFileReference; lastKnownFileType = wrapper.xcdatamodel; path = VentSocial.xcdatamodel; sourceTree = "<group>"; };
		C29C92972A6B977B002D7DAB /* OnboardingView.swift */ = {isa = PBXFileReference; lastKnownFileType = sourcecode.swift; path = OnboardingView.swift; sourceTree = "<group>"; };
/* End PBXFileReference section */

/* Begin PBXFrameworksBuildPhase section */
		C29C927B2A6B970E002D7DAB /* Frameworks */ = {
			isa = PBXFrameworksBuildPhase;
			buildActionMask = 2147483647;
			files = (
			);
			runOnlyForDeploymentPostprocessing = 0;
		};
/* End PBXFrameworksBuildPhase section */

/* Begin PBXGroup section */
		C262A4812A6DB5E30056FB81 /* Util */ = {
			isa = PBXGroup;
			children = (
				C262A4822A6DB5F60056FB81 /* UserInfoView.swift */,
				C262A4882A6F548A0056FB81 /* UserCreatePost.swift */,
			);
			path = Util;
			sourceTree = "<group>";
		};
		C29C92752A6B970E002D7DAB = {
			isa = PBXGroup;
			children = (
				C29C92802A6B970E002D7DAB /* VentSocial */,
				C29C927F2A6B970E002D7DAB /* Products */,
			);
			sourceTree = "<group>";
		};
		C29C927F2A6B970E002D7DAB /* Products */ = {
			isa = PBXGroup;
			children = (
				C29C927E2A6B970E002D7DAB /* VentSocial.app */,
			);
			name = Products;
			sourceTree = "<group>";
		};
		C29C92802A6B970E002D7DAB /* VentSocial */ = {
			isa = PBXGroup;
			children = (
				C262A4812A6DB5E30056FB81 /* Util */,
				C29C92962A6B9759002D7DAB /* Models */,
				C29C92952A6B9750002D7DAB /* ViewModels */,
				C29C92942A6B974A002D7DAB /* Views */,
				C29C92812A6B970E002D7DAB /* VentSocialApp.swift */,
				C29C92852A6B970F002D7DAB /* Assets.xcassets */,
				C29C928A2A6B970F002D7DAB /* Persistence.swift */,
				C29C928C2A6B970F002D7DAB /* VentSocial.xcdatamodeld */,
				C29C92872A6B970F002D7DAB /* Preview Content */,
			);
			path = VentSocial;
			sourceTree = "<group>";
		};
		C29C92872A6B970F002D7DAB /* Preview Content */ = {
			isa = PBXGroup;
			children = (
				C29C92882A6B970F002D7DAB /* Preview Assets.xcassets */,
			);
			path = "Preview Content";
			sourceTree = "<group>";
		};
		C29C92942A6B974A002D7DAB /* Views */ = {
			isa = PBXGroup;
			children = (
				C29C92832A6B970E002D7DAB /* ContentView.swift */,
				C29C92972A6B977B002D7DAB /* OnboardingView.swift */,
				C2746ADD2A6C420100CB3888 /* MainView.swift */,
				C2835A532A6C4DDE0048C961 /* HomeView.swift */,
				C262A47D2A6DB3310056FB81 /* SearchbarView.swift */,
				C262A47F2A6DB4620056FB81 /* UserView.swift */,
				C262A4842A6E0E210056FB81 /* UserMessagesView.swift */,
				C262A4862A6E12040056FB81 /* LikedPostsView.swift */,
			);
			path = Views;
			sourceTree = "<group>";
		};
		C29C92952A6B9750002D7DAB /* ViewModels */ = {
			isa = PBXGroup;
			children = (
				C25E6E252A6D718200542BBF /* PostViewModel.swift */,
				C25E6E272A6D73F900542BBF /* FeedImageViewModel.swift */,
			);
			path = ViewModels;
			sourceTree = "<group>";
		};
		C29C92962A6B9759002D7DAB /* Models */ = {
			isa = PBXGroup;
			children = (
				C25E6E232A6D712800542BBF /* PostModel.swift */,
			);
			path = Models;
			sourceTree = "<group>";
		};
/* End PBXGroup section */

/* Begin PBXNativeTarget section */
		C29C927D2A6B970E002D7DAB /* VentSocial */ = {
			isa = PBXNativeTarget;
			buildConfigurationList = C29C92912A6B970F002D7DAB /* Build configuration list for PBXNativeTarget "VentSocial" */;
			buildPhases = (
				C29C927A2A6B970E002D7DAB /* Sources */,
				C29C927B2A6B970E002D7DAB /* Frameworks */,
				C29C927C2A6B970E002D7DAB /* Resources */,
			);
			buildRules = (
			);
			dependencies = (
			);
			name = VentSocial;
			productName = VentSocial;
			productReference = C29C927E2A6B970E002D7DAB /* VentSocial.app */;
			productType = "com.apple.product-type.application";
		};
/* End PBXNativeTarget section */

/* Begin PBXProject section */
		C29C92762A6B970E002D7DAB /* Project object */ = {
			isa = PBXProject;
			attributes = {
				BuildIndependentTargetsInParallel = 1;
				LastSwiftUpdateCheck = 1430;
				LastUpgradeCheck = 1430;
				TargetAttributes = {
					C29C927D2A6B970E002D7DAB = {
						CreatedOnToolsVersion = 14.3.1;
					};
				};
			};
			buildConfigurationList = C29C92792A6B970E002D7DAB /* Build configuration list for PBXProject "VentSocial" */;
			compatibilityVersion = "Xcode 14.0";
			developmentRegion = en;
			hasScannedForEncodings = 0;
			knownRegions = (
				en,
				Base,
			);
			mainGroup = C29C92752A6B970E002D7DAB;
			productRefGroup = C29C927F2A6B970E002D7DAB /* Products */;
			projectDirPath = "";
			projectRoot = "";
			targets = (
				C29C927D2A6B970E002D7DAB /* VentSocial */,
			);
		};
/* End PBXProject section */

/* Begin PBXResourcesBuildPhase section */
		C29C927C2A6B970E002D7DAB /* Resources */ = {
			isa = PBXResourcesBuildPhase;
			buildActionMask = 2147483647;
			files = (
				C29C92892A6B970F002D7DAB /* Preview Assets.xcassets in Resources */,
				C29C92862A6B970F002D7DAB /* Assets.xcassets in Resources */,
			);
			runOnlyForDeploymentPostprocessing = 0;
		};
/* End PBXResourcesBuildPhase section */

/* Begin PBXSourcesBuildPhase section */
		C29C927A2A6B970E002D7DAB /* Sources */ = {
			isa = PBXSourcesBuildPhase;
			buildActionMask = 2147483647;
			files = (
				C262A47E2A6DB3310056FB81 /* SearchbarView.swift in Sources */,
				C29C928B2A6B970F002D7DAB /* Persistence.swift in Sources */,
				C25E6E242A6D712800542BBF /* PostModel.swift in Sources */,
				C2835A542A6C4DDE0048C961 /* HomeView.swift in Sources */,
				C2746ADE2A6C420100CB3888 /* MainView.swift in Sources */,
				C25E6E282A6D73F900542BBF /* FeedImageViewModel.swift in Sources */,
				C29C92842A6B970E002D7DAB /* ContentView.swift in Sources */,
				C262A4872A6E12040056FB81 /* LikedPostsView.swift in Sources */,
				C262A4892A6F548A0056FB81 /* UserCreatePost.swift in Sources */,
				C262A4802A6DB4630056FB81 /* UserView.swift in Sources */,
				C29C92822A6B970E002D7DAB /* VentSocialApp.swift in Sources */,
				C25E6E262A6D718200542BBF /* PostViewModel.swift in Sources */,
				C262A4832A6DB5F60056FB81 /* UserInfoView.swift in Sources */,
				C29C92982A6B977B002D7DAB /* OnboardingView.swift in Sources */,
				C29C928E2A6B970F002D7DAB /* VentSocial.xcdatamodeld in Sources */,
				C262A4852A6E0E210056FB81 /* UserMessagesView.swift in Sources */,
			);
			runOnlyForDeploymentPostprocessing = 0;
		};
/* End PBXSourcesBuildPhase section */

/* Begin XCBuildConfiguration section */
		C29C928F2A6B970F002D7DAB /* Debug */ = {
			isa = XCBuildConfiguration;
			buildSettings = {
				ALWAYS_SEARCH_USER_PATHS = NO;
				CLANG_ANALYZER_NONNULL = YES;
				CLANG_ANALYZER_NUMBER_OBJECT_CONVERSION = YES_AGGRESSIVE;
				CLANG_CXX_LANGUAGE_STANDARD = "gnu++20";
				CLANG_ENABLE_MODULES = YES;
				CLANG_ENABLE_OBJC_ARC = YES;
				CLANG_ENABLE_OBJC_WEAK = YES;
				CLANG_WARN_BLOCK_CAPTURE_AUTORELEASING = YES;
				CLANG_WARN_BOOL_CONVERSION = YES;
				CLANG_WARN_COMMA = YES;
				CLANG_WARN_CONSTANT_CONVERSION = YES;
				CLANG_WARN_DEPRECATED_OBJC_IMPLEMENTATIONS = YES;
				CLANG_WARN_DIRECT_OBJC_ISA_USAGE = YES_ERROR;
				CLANG_WARN_DOCUMENTATION_COMMENTS = YES;
				CLANG_WARN_EMPTY_BODY = YES;
				CLANG_WARN_ENUM_CONVERSION = YES;
				CLANG_WARN_INFINITE_RECURSION = YES;
				CLANG_WARN_INT_CONVERSION = YES;
				CLANG_WARN_NON_LITERAL_NULL_CONVERSION = YES;
				CLANG_WARN_OBJC_IMPLICIT_RETAIN_SELF = YES;
				CLANG_WARN_OBJC_LITERAL_CONVERSION = YES;
				CLANG_WARN_OBJC_ROOT_CLASS = YES_ERROR;
				CLANG_WARN_QUOTED_INCLUDE_IN_FRAMEWORK_HEADER = YES;
				CLANG_WARN_RANGE_LOOP_ANALYSIS = YES;
				CLANG_WARN_STRICT_PROTOTYPES = YES;
				CLANG_WARN_SUSPICIOUS_MOVE = YES;
				CLANG_WARN_UNGUARDED_AVAILABILITY = YES_AGGRESSIVE;
				CLANG_WARN_UNREACHABLE_CODE = YES;
				CLANG_WARN__DUPLICATE_METHOD_MATCH = YES;
				COPY_PHASE_STRIP = NO;
				DEBUG_INFORMATION_FORMAT = dwarf;
				ENABLE_STRICT_OBJC_MSGSEND = YES;
				ENABLE_TESTABILITY = YES;
				GCC_C_LANGUAGE_STANDARD = gnu11;
				GCC_DYNAMIC_NO_PIC = NO;
				GCC_NO_COMMON_BLOCKS = YES;
				GCC_OPTIMIZATION_LEVEL = 0;
				GCC_PREPROCESSOR_DEFINITIONS = (
					"DEBUG=1",
					"$(inherited)",
				);
				GCC_WARN_64_TO_32_BIT_CONVERSION = YES;
				GCC_WARN_ABOUT_RETURN_TYPE = YES_ERROR;
				GCC_WARN_UNDECLARED_SELECTOR = YES;
				GCC_WARN_UNINITIALIZED_AUTOS = YES_AGGRESSIVE;
				GCC_WARN_UNUSED_FUNCTION = YES;
				GCC_WARN_UNUSED_VARIABLE = YES;
				IPHONEOS_DEPLOYMENT_TARGET = 16.4;
				MTL_ENABLE_DEBUG_INFO = INCLUDE_SOURCE;
				MTL_FAST_MATH = YES;
				ONLY_ACTIVE_ARCH = YES;
				SDKROOT = iphoneos;
				SWIFT_ACTIVE_COMPILATION_CONDITIONS = DEBUG;
				SWIFT_OPTIMIZATION_LEVEL = "-Onone";
			};
			name = Debug;
		};
		C29C92902A6B970F002D7DAB /* Release */ = {
			isa = XCBuildConfiguration;
			buildSettings = {
				ALWAYS_SEARCH_USER_PATHS = NO;
				CLANG_ANALYZER_NONNULL = YES;
				CLANG_ANALYZER_NUMBER_OBJECT_CONVERSION = YES_AGGRESSIVE;
				CLANG_CXX_LANGUAGE_STANDARD = "gnu++20";
				CLANG_ENABLE_MODULES = YES;
				CLANG_ENABLE_OBJC_ARC = YES;
				CLANG_ENABLE_OBJC_WEAK = YES;
				CLANG_WARN_BLOCK_CAPTURE_AUTORELEASING = YES;
				CLANG_WARN_BOOL_CONVERSION = YES;
				CLANG_WARN_COMMA = YES;
				CLANG_WARN_CONSTANT_CONVERSION = YES;
				CLANG_WARN_DEPRECATED_OBJC_IMPLEMENTATIONS = YES;
				CLANG_WARN_DIRECT_OBJC_ISA_USAGE = YES_ERROR;
				CLANG_WARN_DOCUMENTATION_COMMENTS = YES;
				CLANG_WARN_EMPTY_BODY = YES;
				CLANG_WARN_ENUM_CONVERSION = YES;
				CLANG_WARN_INFINITE_RECURSION = YES;
				CLANG_WARN_INT_CONVERSION = YES;
				CLANG_WARN_NON_LITERAL_NULL_CONVERSION = YES;
				CLANG_WARN_OBJC_IMPLICIT_RETAIN_SELF = YES;
				CLANG_WARN_OBJC_LITERAL_CONVERSION = YES;
				CLANG_WARN_OBJC_ROOT_CLASS = YES_ERROR;
				CLANG_WARN_QUOTED_INCLUDE_IN_FRAMEWORK_HEADER = YES;
				CLANG_WARN_RANGE_LOOP_ANALYSIS = YES;
				CLANG_WARN_STRICT_PROTOTYPES = YES;
				CLANG_WARN_SUSPICIOUS_MOVE = YES;
				CLANG_WARN_UNGUARDED_AVAILABILITY = YES_AGGRESSIVE;
				CLANG_WARN_UNREACHABLE_CODE = YES;
				CLANG_WARN__DUPLICATE_METHOD_MATCH = YES;
				COPY_PHASE_STRIP = NO;
				DEBUG_INFORMATION_FORMAT = "dwarf-with-dsym";
				ENABLE_NS_ASSERTIONS = NO;
				ENABLE_STRICT_OBJC_MSGSEND = YES;
				GCC_C_LANGUAGE_STANDARD = gnu11;
				GCC_NO_COMMON_BLOCKS = YES;
				GCC_WARN_64_TO_32_BIT_CONVERSION = YES;
				GCC_WARN_ABOUT_RETURN_TYPE = YES_ERROR;
				GCC_WARN_UNDECLARED_SELECTOR = YES;
				GCC_WARN_UNINITIALIZED_AUTOS = YES_AGGRESSIVE;
				GCC_WARN_UNUSED_FUNCTION = YES;
				GCC_WARN_UNUSED_VARIABLE = YES;
				IPHONEOS_DEPLOYMENT_TARGET = 16.4;
				MTL_ENABLE_DEBUG_INFO = NO;
				MTL_FAST_MATH = YES;
				SDKROOT = iphoneos;
				SWIFT_COMPILATION_MODE = wholemodule;
				SWIFT_OPTIMIZATION_LEVEL = "-O";
				VALIDATE_PRODUCT = YES;
			};
			name = Release;
		};
		C29C92922A6B970F002D7DAB /* Debug */ = {
			isa = XCBuildConfiguration;
			buildSettings = {
				ASSETCATALOG_COMPILER_APPICON_NAME = AppIcon;
				ASSETCATALOG_COMPILER_GLOBAL_ACCENT_COLOR_NAME = AccentColor;
				CODE_SIGN_STYLE = Automatic;
				CURRENT_PROJECT_VERSION = 1;
				DEVELOPMENT_ASSET_PATHS = "\"VentSocial/Preview Content\"";
				DEVELOPMENT_TEAM = GV2ZUHR4F2;
				ENABLE_PREVIEWS = YES;
				GENERATE_INFOPLIST_FILE = YES;
				INFOPLIST_KEY_UIApplicationSceneManifest_Generation = YES;
				INFOPLIST_KEY_UIApplicationSupportsIndirectInputEvents = YES;
				INFOPLIST_KEY_UILaunchScreen_Generation = YES;
				INFOPLIST_KEY_UISupportedInterfaceOrientations_iPad = "UIInterfaceOrientationPortrait UIInterfaceOrientationPortraitUpsideDown UIInterfaceOrientationLandscapeLeft UIInterfaceOrientationLandscapeRight";
				INFOPLIST_KEY_UISupportedInterfaceOrientations_iPhone = "UIInterfaceOrientationPortrait UIInterfaceOrientationLandscapeLeft UIInterfaceOrientationLandscapeRight";
				LD_RUNPATH_SEARCH_PATHS = (
					"$(inherited)",
					"@executable_path/Frameworks",
				);
				MARKETING_VERSION = 1.0;
				PRODUCT_BUNDLE_IDENTIFIER = com.desirorie.VentSocial;
				PRODUCT_NAME = "$(TARGET_NAME)";
				SWIFT_EMIT_LOC_STRINGS = YES;
				SWIFT_VERSION = 5.0;
				TARGETED_DEVICE_FAMILY = "1,2";
			};
			name = Debug;
		};
		C29C92932A6B970F002D7DAB /* Release */ = {
			isa = XCBuildConfiguration;
			buildSettings = {
				ASSETCATALOG_COMPILER_APPICON_NAME = AppIcon;
				ASSETCATALOG_COMPILER_GLOBAL_ACCENT_COLOR_NAME = AccentColor;
				CODE_SIGN_STYLE = Automatic;
				CURRENT_PROJECT_VERSION = 1;
				DEVELOPMENT_ASSET_PATHS = "\"VentSocial/Preview Content\"";
				DEVELOPMENT_TEAM = GV2ZUHR4F2;
				ENABLE_PREVIEWS = YES;
				GENERATE_INFOPLIST_FILE = YES;
				INFOPLIST_KEY_UIApplicationSceneManifest_Generation = YES;
				INFOPLIST_KEY_UIApplicationSupportsIndirectInputEvents = YES;
				INFOPLIST_KEY_UILaunchScreen_Generation = YES;
				INFOPLIST_KEY_UISupportedInterfaceOrientations_iPad = "UIInterfaceOrientationPortrait UIInterfaceOrientationPortraitUpsideDown UIInterfaceOrientationLandscapeLeft UIInterfaceOrientationLandscapeRight";
				INFOPLIST_KEY_UISupportedInterfaceOrientations_iPhone = "UIInterfaceOrientationPortrait UIInterfaceOrientationLandscapeLeft UIInterfaceOrientationLandscapeRight";
				LD_RUNPATH_SEARCH_PATHS = (
					"$(inherited)",
					"@executable_path/Frameworks",
				);
				MARKETING_VERSION = 1.0;
				PRODUCT_BUNDLE_IDENTIFIER = com.desirorie.VentSocial;
				PRODUCT_NAME = "$(TARGET_NAME)";
				SWIFT_EMIT_LOC_STRINGS = YES;
				SWIFT_VERSION = 5.0;
				TARGETED_DEVICE_FAMILY = "1,2";
			};
			name = Release;
		};
/* End XCBuildConfiguration section */

/* Begin XCConfigurationList section */
		C29C92792A6B970E002D7DAB /* Build configuration list for PBXProject "VentSocial" */ = {
			isa = XCConfigurationList;
			buildConfigurations = (
				C29C928F2A6B970F002D7DAB /* Debug */,
				C29C92902A6B970F002D7DAB /* Release */,
			);
			defaultConfigurationIsVisible = 0;
			defaultConfigurationName = Release;
		};
		C29C92912A6B970F002D7DAB /* Build configuration list for PBXNativeTarget "VentSocial" */ = {
			isa = XCConfigurationList;
			buildConfigurations = (
				C29C92922A6B970F002D7DAB /* Debug */,
				C29C92932A6B970F002D7DAB /* Release */,
			);
			defaultConfigurationIsVisible = 0;
			defaultConfigurationName = Release;
		};
/* End XCConfigurationList section */

/* Begin XCVersionGroup section */
		C29C928C2A6B970F002D7DAB /* VentSocial.xcdatamodeld */ = {
			isa = XCVersionGroup;
			children = (
				C29C928D2A6B970F002D7DAB /* VentSocial.xcdatamodel */,
			);
			currentVersion = C29C928D2A6B970F002D7DAB /* VentSocial.xcdatamodel */;
			path = VentSocial.xcdatamodeld;
			sourceTree = "<group>";
			versionGroupType = wrapper.xcdatamodel;
		};
/* End XCVersionGroup section */
	};
	rootObject = C29C92762A6B970E002D7DAB /* Project object */;
}
